// !$*UTF8*$!
{
	archiveVersion = 1;
	classes = {
	};
	objectVersion = 46;
	objects = {

/* Begin PBXBuildFile section */
		B30A37C51749939E009344E6 /* JSONSchemaDocument_v3+Validation.h in Headers */ = {isa = PBXBuildFile; fileRef = B30A37C31749939E009344E6 /* JSONSchemaDocument_v3+Validation.h */; };
		B30A37C61749939E009344E6 /* JSONSchemaDocument_v3+Validation.m in Sources */ = {isa = PBXBuildFile; fileRef = B30A37C41749939E009344E6 /* JSONSchemaDocument_v3+Validation.m */; };
		B31161D51617F6E800AE6353 /* JSONSchemaValidationResult.h in Headers */ = {isa = PBXBuildFile; fileRef = B31161D31617F6E800AE6353 /* JSONSchemaValidationResult.h */; };
		B31161D61617F6E800AE6353 /* JSONSchemaValidationResult.m in Sources */ = {isa = PBXBuildFile; fileRef = B31161D41617F6E800AE6353 /* JSONSchemaValidationResult.m */; };
		B33FDBB517541316001BAC97 /* JSONSchemaDocument.h in Headers */ = {isa = PBXBuildFile; fileRef = B33FDBB317541316001BAC97 /* JSONSchemaDocument.h */; };
		B33FDBB617541316001BAC97 /* JSONSchemaDocument.m in Sources */ = {isa = PBXBuildFile; fileRef = B33FDBB417541316001BAC97 /* JSONSchemaDocument.m */; };
		B33FDBBA17541557001BAC97 /* JSONSchemaDraft4.h in Headers */ = {isa = PBXBuildFile; fileRef = B33FDBB817541557001BAC97 /* JSONSchemaDraft4.h */; };
		B33FDBBB17541557001BAC97 /* JSONSchemaDraft4.m in Sources */ = {isa = PBXBuildFile; fileRef = B33FDBB917541557001BAC97 /* JSONSchemaDraft4.m */; };
		B33FDBBF1754167D001BAC97 /* JSONSchema.m in Sources */ = {isa = PBXBuildFile; fileRef = B33FDBBD1754167D001BAC97 /* JSONSchema.m */; };
		B33FDBC61754244B001BAC97 /* JSONSchemaSerializationHelper.m in Sources */ = {isa = PBXBuildFile; fileRef = B33FDBC41754244B001BAC97 /* JSONSchemaSerializationHelper.m */; };
		B34ADE921528207700C9C585 /* NSNumber+JSONSchema.h in Headers */ = {isa = PBXBuildFile; fileRef = B34ADE901528207700C9C585 /* NSNumber+JSONSchema.h */; };
		B34ADE931528207700C9C585 /* NSNumber+JSONSchema.m in Sources */ = {isa = PBXBuildFile; fileRef = B34ADE911528207700C9C585 /* NSNumber+JSONSchema.m */; };
		B34B3DB916585242007F1C18 /* JSONSchemaValidationOperation.h in Headers */ = {isa = PBXBuildFile; fileRef = B34B3DB716585242007F1C18 /* JSONSchemaValidationOperation.h */; };
		B34B3DBA16585242007F1C18 /* JSONSchemaValidationOperation.m in Sources */ = {isa = PBXBuildFile; fileRef = B34B3DB816585242007F1C18 /* JSONSchemaValidationOperation.m */; };
		B3A4E3C314FA1A6A0079CF41 /* JSONSchemaValidationContext.h in Headers */ = {isa = PBXBuildFile; fileRef = B3A4E3C114FA1A6A0079CF41 /* JSONSchemaValidationContext.h */; };
		B3A4E3C414FA1A6A0079CF41 /* JSONSchemaValidationContext.m in Sources */ = {isa = PBXBuildFile; fileRef = B3A4E3C214FA1A6A0079CF41 /* JSONSchemaValidationContext.m */; };
		B3A4E3C614FA1D260079CF41 /* TestData in Resources */ = {isa = PBXBuildFile; fileRef = B3A4E3C514FA1D260079CF41 /* TestData */; };
		B3A4E3C914FA265C0079CF41 /* JSONSchemaDraft3ValidationLogicTests.m in Sources */ = {isa = PBXBuildFile; fileRef = B3A4E3C814FA265C0079CF41 /* JSONSchemaDraft3ValidationLogicTests.m */; };
		B3B57B7616A242EF00EC1262 /* JSONSchemaDocument+ObjectCreation.h in Headers */ = {isa = PBXBuildFile; fileRef = B3B57B7416A242EF00EC1262 /* JSONSchemaDocument+ObjectCreation.h */; };
		B3B57B7716A242EF00EC1262 /* JSONSchemaDocument+ObjectCreation.m in Sources */ = {isa = PBXBuildFile; fileRef = B3B57B7516A242EF00EC1262 /* JSONSchemaDocument+ObjectCreation.m */; };
		B3DA781B16A3AA9C00807823 /* JSONSchemaObjectCreationTests.m in Sources */ = {isa = PBXBuildFile; fileRef = B3DA781A16A3AA9C00807823 /* JSONSchemaObjectCreationTests.m */; };
		B3E38D0514F9ACEB00ECEE91 /* Foundation.framework in Frameworks */ = {isa = PBXBuildFile; fileRef = B3E38D0414F9ACEB00ECEE91 /* Foundation.framework */; };
		B3E38D0B14F9ACEB00ECEE91 /* JSONSchemaDocument_v3.m in Sources */ = {isa = PBXBuildFile; fileRef = B3E38D0A14F9ACEB00ECEE91 /* JSONSchemaDocument_v3.m */; };
		B3E38D1314F9ACEB00ECEE91 /* SenTestingKit.framework in Frameworks */ = {isa = PBXBuildFile; fileRef = B3E38D1214F9ACEB00ECEE91 /* SenTestingKit.framework */; };
		B3E38D1514F9ACEB00ECEE91 /* UIKit.framework in Frameworks */ = {isa = PBXBuildFile; fileRef = B3E38D1414F9ACEB00ECEE91 /* UIKit.framework */; };
		B3E38D1614F9ACEB00ECEE91 /* Foundation.framework in Frameworks */ = {isa = PBXBuildFile; fileRef = B3E38D0414F9ACEB00ECEE91 /* Foundation.framework */; };
		B3E38D1914F9ACEB00ECEE91 /* libJSONSchema.a in Frameworks */ = {isa = PBXBuildFile; fileRef = B3E38D0114F9ACEB00ECEE91 /* libJSONSchema.a */; };
		B3E38D1F14F9ACEB00ECEE91 /* InfoPlist.strings in Resources */ = {isa = PBXBuildFile; fileRef = B3E38D1D14F9ACEB00ECEE91 /* InfoPlist.strings */; };
		B3E38D2214F9ACEB00ECEE91 /* JSONSchemaTests.m in Sources */ = {isa = PBXBuildFile; fileRef = B3E38D2114F9ACEB00ECEE91 /* JSONSchemaTests.m */; };
/* End PBXBuildFile section */

/* Begin PBXContainerItemProxy section */
		B3E38D1714F9ACEB00ECEE91 /* PBXContainerItemProxy */ = {
			isa = PBXContainerItemProxy;
			containerPortal = B3E38CF814F9ACEB00ECEE91 /* Project object */;
			proxyType = 1;
			remoteGlobalIDString = B3E38D0014F9ACEB00ECEE91;
			remoteInfo = JSONSchema;
		};
/* End PBXContainerItemProxy section */

/* Begin PBXFileReference section */
		B30A37C31749939E009344E6 /* JSONSchemaDocument_v3+Validation.h */ = {isa = PBXFileReference; fileEncoding = 4; lastKnownFileType = sourcecode.c.h; path = "JSONSchemaDocument_v3+Validation.h"; sourceTree = "<group>"; };
		B30A37C41749939E009344E6 /* JSONSchemaDocument_v3+Validation.m */ = {isa = PBXFileReference; fileEncoding = 4; lastKnownFileType = sourcecode.c.objc; path = "JSONSchemaDocument_v3+Validation.m"; sourceTree = "<group>"; };
		B31161D31617F6E800AE6353 /* JSONSchemaValidationResult.h */ = {isa = PBXFileReference; fileEncoding = 4; lastKnownFileType = sourcecode.c.h; path = JSONSchemaValidationResult.h; sourceTree = "<group>"; };
		B31161D41617F6E800AE6353 /* JSONSchemaValidationResult.m */ = {isa = PBXFileReference; fileEncoding = 4; lastKnownFileType = sourcecode.c.objc; path = JSONSchemaValidationResult.m; sourceTree = "<group>"; };
		B31161D81617F70C00AE6353 /* JSONSchemaValidationResult+Private.h */ = {isa = PBXFileReference; lastKnownFileType = sourcecode.c.h; path = "JSONSchemaValidationResult+Private.h"; sourceTree = "<group>"; };
		B3159325169008C40044E48E /* JSONSchemaValidationContext+Private.h */ = {isa = PBXFileReference; lastKnownFileType = sourcecode.c.h; path = "JSONSchemaValidationContext+Private.h"; sourceTree = "<group>"; };
		B33FDBB2175412E9001BAC97 /* JSONSchema.h */ = {isa = PBXFileReference; lastKnownFileType = sourcecode.c.h; path = JSONSchema.h; sourceTree = "<group>"; };
		B33FDBB317541316001BAC97 /* JSONSchemaDocument.h */ = {isa = PBXFileReference; fileEncoding = 4; lastKnownFileType = sourcecode.c.h; path = JSONSchemaDocument.h; sourceTree = "<group>"; };
		B33FDBB417541316001BAC97 /* JSONSchemaDocument.m */ = {isa = PBXFileReference; fileEncoding = 4; lastKnownFileType = sourcecode.c.objc; path = JSONSchemaDocument.m; sourceTree = "<group>"; };
		B33FDBB717541334001BAC97 /* JSONSchemaSerializationHelper.h */ = {isa = PBXFileReference; lastKnownFileType = sourcecode.c.h; path = JSONSchemaSerializationHelper.h; sourceTree = "<group>"; };
		B33FDBB817541557001BAC97 /* JSONSchemaDraft4.h */ = {isa = PBXFileReference; fileEncoding = 4; lastKnownFileType = sourcecode.c.h; path = JSONSchemaDraft4.h; sourceTree = "<group>"; };
		B33FDBB917541557001BAC97 /* JSONSchemaDraft4.m */ = {isa = PBXFileReference; fileEncoding = 4; lastKnownFileType = sourcecode.c.objc; path = JSONSchemaDraft4.m; sourceTree = "<group>"; };
		B33FDBBD1754167D001BAC97 /* JSONSchema.m */ = {isa = PBXFileReference; fileEncoding = 4; lastKnownFileType = sourcecode.c.objc; path = JSONSchema.m; sourceTree = "<group>"; };
		B33FDBC01754171A001BAC97 /* JSONSchemaInternal.h */ = {isa = PBXFileReference; lastKnownFileType = sourcecode.c.h; path = JSONSchemaInternal.h; sourceTree = "<group>"; };
		B33FDBC117541967001BAC97 /* JSONSchemaDocument+Private.h */ = {isa = PBXFileReference; lastKnownFileType = sourcecode.c.h; path = "JSONSchemaDocument+Private.h"; sourceTree = "<group>"; };
		B33FDBC41754244B001BAC97 /* JSONSchemaSerializationHelper.m */ = {isa = PBXFileReference; fileEncoding = 4; lastKnownFileType = sourcecode.c.objc; path = JSONSchemaSerializationHelper.m; sourceTree = "<group>"; };
		B34ADE901528207700C9C585 /* NSNumber+JSONSchema.h */ = {isa = PBXFileReference; fileEncoding = 4; lastKnownFileType = sourcecode.c.h; path = "NSNumber+JSONSchema.h"; sourceTree = "<group>"; };
		B34ADE911528207700C9C585 /* NSNumber+JSONSchema.m */ = {isa = PBXFileReference; fileEncoding = 4; lastKnownFileType = sourcecode.c.objc; path = "NSNumber+JSONSchema.m"; sourceTree = "<group>"; };
		B34B3DB716585242007F1C18 /* JSONSchemaValidationOperation.h */ = {isa = PBXFileReference; fileEncoding = 4; lastKnownFileType = sourcecode.c.h; path = JSONSchemaValidationOperation.h; sourceTree = "<group>"; };
		B34B3DB816585242007F1C18 /* JSONSchemaValidationOperation.m */ = {isa = PBXFileReference; fileEncoding = 4; lastKnownFileType = sourcecode.c.objc; path = JSONSchemaValidationOperation.m; sourceTree = "<group>"; };
		B3A4E39914F9C36F0079CF41 /* JSONSchemaErrors.h */ = {isa = PBXFileReference; lastKnownFileType = sourcecode.c.h; path = JSONSchemaErrors.h; sourceTree = "<group>"; };
		B3A4E3C014F9D6140079CF41 /* TestUtility.h */ = {isa = PBXFileReference; lastKnownFileType = sourcecode.c.h; path = TestUtility.h; sourceTree = "<group>"; };
		B3A4E3C114FA1A6A0079CF41 /* JSONSchemaValidationContext.h */ = {isa = PBXFileReference; fileEncoding = 4; lastKnownFileType = sourcecode.c.h; path = JSONSchemaValidationContext.h; sourceTree = "<group>"; };
		B3A4E3C214FA1A6A0079CF41 /* JSONSchemaValidationContext.m */ = {isa = PBXFileReference; fileEncoding = 4; lastKnownFileType = sourcecode.c.objc; path = JSONSchemaValidationContext.m; sourceTree = "<group>"; };
		B3A4E3C514FA1D260079CF41 /* TestData */ = {isa = PBXFileReference; lastKnownFileType = folder; path = TestData; sourceTree = "<group>"; };
		B3A4E3C714FA265C0079CF41 /* JSONSchemaDraft3ValidationLogicTests.h */ = {isa = PBXFileReference; fileEncoding = 4; lastKnownFileType = sourcecode.c.h; path = JSONSchemaDraft3ValidationLogicTests.h; sourceTree = "<group>"; };
		B3A4E3C814FA265C0079CF41 /* JSONSchemaDraft3ValidationLogicTests.m */ = {isa = PBXFileReference; fileEncoding = 4; lastKnownFileType = sourcecode.c.objc; path = JSONSchemaDraft3ValidationLogicTests.m; sourceTree = "<group>"; };
		B3B57B7416A242EF00EC1262 /* JSONSchemaDocument+ObjectCreation.h */ = {isa = PBXFileReference; fileEncoding = 4; lastKnownFileType = sourcecode.c.h; path = "JSONSchemaDocument+ObjectCreation.h"; sourceTree = "<group>"; };
		B3B57B7516A242EF00EC1262 /* JSONSchemaDocument+ObjectCreation.m */ = {isa = PBXFileReference; fileEncoding = 4; lastKnownFileType = sourcecode.c.objc; path = "JSONSchemaDocument+ObjectCreation.m"; sourceTree = "<group>"; };
		B3DA781916A3AA9C00807823 /* JSONSchemaObjectCreationTests.h */ = {isa = PBXFileReference; fileEncoding = 4; lastKnownFileType = sourcecode.c.h; path = JSONSchemaObjectCreationTests.h; sourceTree = "<group>"; };
		B3DA781A16A3AA9C00807823 /* JSONSchemaObjectCreationTests.m */ = {isa = PBXFileReference; fileEncoding = 4; lastKnownFileType = sourcecode.c.objc; path = JSONSchemaObjectCreationTests.m; sourceTree = "<group>"; };
		B3E38D0114F9ACEB00ECEE91 /* libJSONSchema.a */ = {isa = PBXFileReference; explicitFileType = archive.ar; includeInIndex = 0; path = libJSONSchema.a; sourceTree = BUILT_PRODUCTS_DIR; };
		B3E38D0414F9ACEB00ECEE91 /* Foundation.framework */ = {isa = PBXFileReference; lastKnownFileType = wrapper.framework; name = Foundation.framework; path = System/Library/Frameworks/Foundation.framework; sourceTree = SDKROOT; };
		B3E38D0814F9ACEB00ECEE91 /* JSONSchema-Prefix.pch */ = {isa = PBXFileReference; lastKnownFileType = sourcecode.c.h; path = "JSONSchema-Prefix.pch"; sourceTree = "<group>"; };
		B3E38D0914F9ACEB00ECEE91 /* JSONSchemaDocument_v3.h */ = {isa = PBXFileReference; lastKnownFileType = sourcecode.c.h; path = JSONSchemaDocument_v3.h; sourceTree = "<group>"; };
		B3E38D0A14F9ACEB00ECEE91 /* JSONSchemaDocument_v3.m */ = {isa = PBXFileReference; lastKnownFileType = sourcecode.c.objc; path = JSONSchemaDocument_v3.m; sourceTree = "<group>"; };
		B3E38D1114F9ACEB00ECEE91 /* JSONSchemaTests.octest */ = {isa = PBXFileReference; explicitFileType = wrapper.cfbundle; includeInIndex = 0; path = JSONSchemaTests.octest; sourceTree = BUILT_PRODUCTS_DIR; };
		B3E38D1214F9ACEB00ECEE91 /* SenTestingKit.framework */ = {isa = PBXFileReference; lastKnownFileType = wrapper.framework; name = SenTestingKit.framework; path = Library/Frameworks/SenTestingKit.framework; sourceTree = DEVELOPER_DIR; };
		B3E38D1414F9ACEB00ECEE91 /* UIKit.framework */ = {isa = PBXFileReference; lastKnownFileType = wrapper.framework; name = UIKit.framework; path = Library/Frameworks/UIKit.framework; sourceTree = DEVELOPER_DIR; };
		B3E38D1C14F9ACEB00ECEE91 /* JSONSchemaTests-Info.plist */ = {isa = PBXFileReference; lastKnownFileType = text.plist.xml; path = "JSONSchemaTests-Info.plist"; sourceTree = "<group>"; };
		B3E38D1E14F9ACEB00ECEE91 /* en */ = {isa = PBXFileReference; lastKnownFileType = text.plist.strings; name = en; path = en.lproj/InfoPlist.strings; sourceTree = "<group>"; };
		B3E38D2014F9ACEB00ECEE91 /* JSONSchemaTests.h */ = {isa = PBXFileReference; lastKnownFileType = sourcecode.c.h; path = JSONSchemaTests.h; sourceTree = "<group>"; };
		B3E38D2114F9ACEB00ECEE91 /* JSONSchemaTests.m */ = {isa = PBXFileReference; lastKnownFileType = sourcecode.c.objc; path = JSONSchemaTests.m; sourceTree = "<group>"; };
/* End PBXFileReference section */

/* Begin PBXFrameworksBuildPhase section */
		B3E38CFE14F9ACEB00ECEE91 /* Frameworks */ = {
			isa = PBXFrameworksBuildPhase;
			buildActionMask = 2147483647;
			files = (
				B3E38D0514F9ACEB00ECEE91 /* Foundation.framework in Frameworks */,
			);
			runOnlyForDeploymentPostprocessing = 0;
		};
		B3E38D0D14F9ACEB00ECEE91 /* Frameworks */ = {
			isa = PBXFrameworksBuildPhase;
			buildActionMask = 2147483647;
			files = (
				B3E38D1314F9ACEB00ECEE91 /* SenTestingKit.framework in Frameworks */,
				B3E38D1514F9ACEB00ECEE91 /* UIKit.framework in Frameworks */,
				B3E38D1614F9ACEB00ECEE91 /* Foundation.framework in Frameworks */,
				B3E38D1914F9ACEB00ECEE91 /* libJSONSchema.a in Frameworks */,
			);
			runOnlyForDeploymentPostprocessing = 0;
		};
/* End PBXFrameworksBuildPhase section */

/* Begin PBXGroup section */
		B33FDBB01754127D001BAC97 /* Draft 4 */ = {
			isa = PBXGroup;
			children = (
				B33FDBB817541557001BAC97 /* JSONSchemaDraft4.h */,
				B33FDBB917541557001BAC97 /* JSONSchemaDraft4.m */,
			);
			name = "Draft 4";
			sourceTree = "<group>";
		};
		B33FDBB117541284001BAC97 /* Draft 3 */ = {
			isa = PBXGroup;
			children = (
			);
			name = "Draft 3";
			sourceTree = "<group>";
		};
		B33FDBC21754241B001BAC97 /* Public Headers */ = {
			isa = PBXGroup;
			children = (
				B33FDBB2175412E9001BAC97 /* JSONSchema.h */,
				B3A4E39914F9C36F0079CF41 /* JSONSchemaErrors.h */,
				B33FDBB317541316001BAC97 /* JSONSchemaDocument.h */,
				B3B57B7416A242EF00EC1262 /* JSONSchemaDocument+ObjectCreation.h */,
				B3A4E3C114FA1A6A0079CF41 /* JSONSchemaValidationContext.h */,
				B31161D31617F6E800AE6353 /* JSONSchemaValidationResult.h */,
				B33FDBB717541334001BAC97 /* JSONSchemaSerializationHelper.h */,
			);
			name = "Public Headers";
			sourceTree = "<group>";
		};
		B33FDBC717542476001BAC97 /* Internal */ = {
			isa = PBXGroup;
			children = (
				B33FDBC01754171A001BAC97 /* JSONSchemaInternal.h */,
				B33FDBBD1754167D001BAC97 /* JSONSchema.m */,
				B33FDBB417541316001BAC97 /* JSONSchemaDocument.m */,
				B33FDBC117541967001BAC97 /* JSONSchemaDocument+Private.h */,
				B33FDBC41754244B001BAC97 /* JSONSchemaSerializationHelper.m */,
				B33FDBB117541284001BAC97 /* Draft 3 */,
				B3E38D0914F9ACEB00ECEE91 /* JSONSchemaDocument_v3.h */,
				B3E38D0A14F9ACEB00ECEE91 /* JSONSchemaDocument_v3.m */,
				B30A37C31749939E009344E6 /* JSONSchemaDocument_v3+Validation.h */,
				B30A37C41749939E009344E6 /* JSONSchemaDocument_v3+Validation.m */,
				B33FDBB01754127D001BAC97 /* Draft 4 */,
				B3B57B7516A242EF00EC1262 /* JSONSchemaDocument+ObjectCreation.m */,
				B3159325169008C40044E48E /* JSONSchemaValidationContext+Private.h */,
				B3A4E3C214FA1A6A0079CF41 /* JSONSchemaValidationContext.m */,
				B31161D81617F70C00AE6353 /* JSONSchemaValidationResult+Private.h */,
				B31161D41617F6E800AE6353 /* JSONSchemaValidationResult.m */,
				B34ADE901528207700C9C585 /* NSNumber+JSONSchema.h */,
				B34ADE911528207700C9C585 /* NSNumber+JSONSchema.m */,
				B34B3DB716585242007F1C18 /* JSONSchemaValidationOperation.h */,
				B34B3DB816585242007F1C18 /* JSONSchemaValidationOperation.m */,
			);
			name = Internal;
			sourceTree = "<group>";
		};
		B3E38CF614F9ACEB00ECEE91 = {
			isa = PBXGroup;
			children = (
				B3E38D0614F9ACEB00ECEE91 /* JSONSchema */,
				B3E38D1A14F9ACEB00ECEE91 /* JSONSchemaTests */,
				B3E38D0314F9ACEB00ECEE91 /* Frameworks */,
				B3E38D0214F9ACEB00ECEE91 /* Products */,
			);
			sourceTree = "<group>";
		};
		B3E38D0214F9ACEB00ECEE91 /* Products */ = {
			isa = PBXGroup;
			children = (
				B3E38D0114F9ACEB00ECEE91 /* libJSONSchema.a */,
				B3E38D1114F9ACEB00ECEE91 /* JSONSchemaTests.octest */,
			);
			name = Products;
			sourceTree = "<group>";
		};
		B3E38D0314F9ACEB00ECEE91 /* Frameworks */ = {
			isa = PBXGroup;
			children = (
				B3E38D0414F9ACEB00ECEE91 /* Foundation.framework */,
				B3E38D1214F9ACEB00ECEE91 /* SenTestingKit.framework */,
				B3E38D1414F9ACEB00ECEE91 /* UIKit.framework */,
			);
			name = Frameworks;
			sourceTree = "<group>";
		};
		B3E38D0614F9ACEB00ECEE91 /* JSONSchema */ = {
			isa = PBXGroup;
			children = (
				B33FDBC21754241B001BAC97 /* Public Headers */,
				B33FDBC717542476001BAC97 /* Internal */,
				B3E38D0714F9ACEB00ECEE91 /* Supporting Files */,
			);
			path = JSONSchema;
			sourceTree = "<group>";
		};
		B3E38D0714F9ACEB00ECEE91 /* Supporting Files */ = {
			isa = PBXGroup;
			children = (
				B3E38D0814F9ACEB00ECEE91 /* JSONSchema-Prefix.pch */,
			);
			name = "Supporting Files";
			sourceTree = "<group>";
		};
		B3E38D1A14F9ACEB00ECEE91 /* JSONSchemaTests */ = {
			isa = PBXGroup;
			children = (
				B3A4E3C014F9D6140079CF41 /* TestUtility.h */,
				B3E38D2014F9ACEB00ECEE91 /* JSONSchemaTests.h */,
				B3E38D2114F9ACEB00ECEE91 /* JSONSchemaTests.m */,
				B3A4E3C714FA265C0079CF41 /* JSONSchemaDraft3ValidationLogicTests.h */,
				B3A4E3C814FA265C0079CF41 /* JSONSchemaDraft3ValidationLogicTests.m */,
				B3DA781916A3AA9C00807823 /* JSONSchemaObjectCreationTests.h */,
				B3DA781A16A3AA9C00807823 /* JSONSchemaObjectCreationTests.m */,
				B3A4E3C514FA1D260079CF41 /* TestData */,
				B3E38D1B14F9ACEB00ECEE91 /* Supporting Files */,
			);
			path = JSONSchemaTests;
			sourceTree = SOURCE_ROOT;
		};
		B3E38D1B14F9ACEB00ECEE91 /* Supporting Files */ = {
			isa = PBXGroup;
			children = (
				B3E38D1C14F9ACEB00ECEE91 /* JSONSchemaTests-Info.plist */,
				B3E38D1D14F9ACEB00ECEE91 /* InfoPlist.strings */,
			);
			name = "Supporting Files";
			sourceTree = "<group>";
		};
/* End PBXGroup section */

/* Begin PBXHeadersBuildPhase section */
		B3E38CFF14F9ACEB00ECEE91 /* Headers */ = {
			isa = PBXHeadersBuildPhase;
			buildActionMask = 2147483647;
			files = (
				B3A4E3C314FA1A6A0079CF41 /* JSONSchemaValidationContext.h in Headers */,
				B34ADE921528207700C9C585 /* NSNumber+JSONSchema.h in Headers */,
				B31161D51617F6E800AE6353 /* JSONSchemaValidationResult.h in Headers */,
				B34B3DB916585242007F1C18 /* JSONSchemaValidationOperation.h in Headers */,
				B3B57B7616A242EF00EC1262 /* JSONSchemaDocument+ObjectCreation.h in Headers */,
				B30A37C51749939E009344E6 /* JSONSchemaDocument_v3+Validation.h in Headers */,
				B33FDBB517541316001BAC97 /* JSONSchemaDocument.h in Headers */,
				B33FDBBA17541557001BAC97 /* JSONSchemaDraft4.h in Headers */,
			);
			runOnlyForDeploymentPostprocessing = 0;
		};
/* End PBXHeadersBuildPhase section */

/* Begin PBXNativeTarget section */
		B3E38D0014F9ACEB00ECEE91 /* JSONSchema */ = {
			isa = PBXNativeTarget;
			buildConfigurationList = B3E38D2514F9ACEB00ECEE91 /* Build configuration list for PBXNativeTarget "JSONSchema" */;
			buildPhases = (
				B3E38CFD14F9ACEB00ECEE91 /* Sources */,
				B3E38CFE14F9ACEB00ECEE91 /* Frameworks */,
				B3E38CFF14F9ACEB00ECEE91 /* Headers */,
			);
			buildRules = (
			);
			dependencies = (
			);
			name = JSONSchema;
			productName = JSONSchema;
			productReference = B3E38D0114F9ACEB00ECEE91 /* libJSONSchema.a */;
			productType = "com.apple.product-type.library.static";
		};
		B3E38D1014F9ACEB00ECEE91 /* JSONSchemaTests */ = {
			isa = PBXNativeTarget;
			buildConfigurationList = B3E38D2814F9ACEB00ECEE91 /* Build configuration list for PBXNativeTarget "JSONSchemaTests" */;
			buildPhases = (
				B3E38D0C14F9ACEB00ECEE91 /* Sources */,
				B3E38D0D14F9ACEB00ECEE91 /* Frameworks */,
				B3E38D0E14F9ACEB00ECEE91 /* Resources */,
				B3E38D0F14F9ACEB00ECEE91 /* ShellScript */,
			);
			buildRules = (
			);
			dependencies = (
				B3E38D1814F9ACEB00ECEE91 /* PBXTargetDependency */,
			);
			name = JSONSchemaTests;
			productName = JSONSchemaTests;
			productReference = B3E38D1114F9ACEB00ECEE91 /* JSONSchemaTests.octest */;
			productType = "com.apple.product-type.bundle";
		};
/* End PBXNativeTarget section */

/* Begin PBXProject section */
		B3E38CF814F9ACEB00ECEE91 /* Project object */ = {
			isa = PBXProject;
			attributes = {
				LastUpgradeCheck = 0460;
			};
			buildConfigurationList = B3E38CFB14F9ACEB00ECEE91 /* Build configuration list for PBXProject "JSONSchema" */;
			compatibilityVersion = "Xcode 3.2";
			developmentRegion = English;
			hasScannedForEncodings = 0;
			knownRegions = (
				en,
			);
			mainGroup = B3E38CF614F9ACEB00ECEE91;
			productRefGroup = B3E38D0214F9ACEB00ECEE91 /* Products */;
			projectDirPath = "";
			projectRoot = "";
			targets = (
				B3E38D0014F9ACEB00ECEE91 /* JSONSchema */,
				B3E38D1014F9ACEB00ECEE91 /* JSONSchemaTests */,
			);
		};
/* End PBXProject section */

/* Begin PBXResourcesBuildPhase section */
		B3E38D0E14F9ACEB00ECEE91 /* Resources */ = {
			isa = PBXResourcesBuildPhase;
			buildActionMask = 2147483647;
			files = (
				B3E38D1F14F9ACEB00ECEE91 /* InfoPlist.strings in Resources */,
				B3A4E3C614FA1D260079CF41 /* TestData in Resources */,
			);
			runOnlyForDeploymentPostprocessing = 0;
		};
/* End PBXResourcesBuildPhase section */

/* Begin PBXShellScriptBuildPhase section */
		B3E38D0F14F9ACEB00ECEE91 /* ShellScript */ = {
			isa = PBXShellScriptBuildPhase;
			buildActionMask = 2147483647;
			files = (
			);
			inputPaths = (
			);
			outputPaths = (
			);
			runOnlyForDeploymentPostprocessing = 0;
			shellPath = /bin/sh;
			shellScript = "# Run the unit tests in this test bundle.\n\"${SYSTEM_DEVELOPER_DIR}/Tools/RunUnitTests\"\n";
		};
/* End PBXShellScriptBuildPhase section */

/* Begin PBXSourcesBuildPhase section */
		B3E38CFD14F9ACEB00ECEE91 /* Sources */ = {
			isa = PBXSourcesBuildPhase;
			buildActionMask = 2147483647;
			files = (
				B3E38D0B14F9ACEB00ECEE91 /* JSONSchemaDocument_v3.m in Sources */,
				B3A4E3C414FA1A6A0079CF41 /* JSONSchemaValidationContext.m in Sources */,
				B34ADE931528207700C9C585 /* NSNumber+JSONSchema.m in Sources */,
				B31161D61617F6E800AE6353 /* JSONSchemaValidationResult.m in Sources */,
				B34B3DBA16585242007F1C18 /* JSONSchemaValidationOperation.m in Sources */,
				B3B57B7716A242EF00EC1262 /* JSONSchemaDocument+ObjectCreation.m in Sources */,
				B30A37C61749939E009344E6 /* JSONSchemaDocument_v3+Validation.m in Sources */,
				B33FDBB617541316001BAC97 /* JSONSchemaDocument.m in Sources */,
				B33FDBBB17541557001BAC97 /* JSONSchemaDraft4.m in Sources */,
				B33FDBBF1754167D001BAC97 /* JSONSchema.m in Sources */,
				B33FDBC61754244B001BAC97 /* JSONSchemaSerializationHelper.m in Sources */,
			);
			runOnlyForDeploymentPostprocessing = 0;
		};
		B3E38D0C14F9ACEB00ECEE91 /* Sources */ = {
			isa = PBXSourcesBuildPhase;
			buildActionMask = 2147483647;
			files = (
				B3E38D2214F9ACEB00ECEE91 /* JSONSchemaTests.m in Sources */,
				B3A4E3C914FA265C0079CF41 /* JSONSchemaDraft3ValidationLogicTests.m in Sources */,
				B3DA781B16A3AA9C00807823 /* JSONSchemaObjectCreationTests.m in Sources */,
			);
			runOnlyForDeploymentPostprocessing = 0;
		};
/* End PBXSourcesBuildPhase section */

/* Begin PBXTargetDependency section */
		B3E38D1814F9ACEB00ECEE91 /* PBXTargetDependency */ = {
			isa = PBXTargetDependency;
			target = B3E38D0014F9ACEB00ECEE91 /* JSONSchema */;
			targetProxy = B3E38D1714F9ACEB00ECEE91 /* PBXContainerItemProxy */;
		};
/* End PBXTargetDependency section */

/* Begin PBXVariantGroup section */
		B3E38D1D14F9ACEB00ECEE91 /* InfoPlist.strings */ = {
			isa = PBXVariantGroup;
			children = (
				B3E38D1E14F9ACEB00ECEE91 /* en */,
			);
			name = InfoPlist.strings;
			sourceTree = "<group>";
		};
/* End PBXVariantGroup section */

/* Begin XCBuildConfiguration section */
		B3E38D2314F9ACEB00ECEE91 /* Debug */ = {
			isa = XCBuildConfiguration;
			buildSettings = {
				ALWAYS_SEARCH_USER_PATHS = NO;
				ARCHS = "$(ARCHS_STANDARD_32_BIT)";
				CLANG_WARN_CONSTANT_CONVERSION = YES;
				CLANG_WARN_ENUM_CONVERSION = YES;
				CLANG_WARN_INT_CONVERSION = YES;
				CLANG_WARN__DUPLICATE_METHOD_MATCH = YES;
				COPY_PHASE_STRIP = NO;
				GCC_C_LANGUAGE_STANDARD = gnu99;
				GCC_DYNAMIC_NO_PIC = NO;
				GCC_OPTIMIZATION_LEVEL = 0;
				GCC_PREPROCESSOR_DEFINITIONS = (
					"DEBUG=1",
					"$(inherited)",
				);
				GCC_SYMBOLS_PRIVATE_EXTERN = NO;
				GCC_VERSION = com.apple.compilers.llvm.clang.1_0;
				GCC_WARN_ABOUT_RETURN_TYPE = YES;
				GCC_WARN_UNINITIALIZED_AUTOS = YES;
				GCC_WARN_UNUSED_VARIABLE = YES;
				IPHONEOS_DEPLOYMENT_TARGET = 4.3;
				SDKROOT = iphoneos;
			};
			name = Debug;
		};
		B3E38D2414F9ACEB00ECEE91 /* Release */ = {
			isa = XCBuildConfiguration;
			buildSettings = {
				ALWAYS_SEARCH_USER_PATHS = NO;
				ARCHS = "$(ARCHS_STANDARD_32_BIT)";
				CLANG_WARN_CONSTANT_CONVERSION = YES;
				CLANG_WARN_ENUM_CONVERSION = YES;
				CLANG_WARN_INT_CONVERSION = YES;
				CLANG_WARN__DUPLICATE_METHOD_MATCH = YES;
				COPY_PHASE_STRIP = YES;
				GCC_C_LANGUAGE_STANDARD = gnu99;
				GCC_VERSION = com.apple.compilers.llvm.clang.1_0;
				GCC_WARN_ABOUT_RETURN_TYPE = YES;
				GCC_WARN_UNINITIALIZED_AUTOS = YES;
				GCC_WARN_UNUSED_VARIABLE = YES;
				IPHONEOS_DEPLOYMENT_TARGET = 4.3;
				SDKROOT = iphoneos;
				VALIDATE_PRODUCT = YES;
			};
			name = Release;
		};
		B3E38D2614F9ACEB00ECEE91 /* Debug */ = {
			isa = XCBuildConfiguration;
			buildSettings = {
				CLANG_ENABLE_OBJC_ARC = YES;
				DSTROOT = /tmp/JSONSchema.dst;
				GCC_PRECOMPILE_PREFIX_HEADER = YES;
				GCC_PREFIX_HEADER = "JSONSchema/JSONSchema-Prefix.pch";
				OTHER_LDFLAGS = "-ObjC";
				PRODUCT_NAME = "$(TARGET_NAME)";
				SKIP_INSTALL = YES;
			};
			name = Debug;
		};
		B3E38D2714F9ACEB00ECEE91 /* Release */ = {
			isa = XCBuildConfiguration;
			buildSettings = {
				CLANG_ENABLE_OBJC_ARC = YES;
				DSTROOT = /tmp/JSONSchema.dst;
				GCC_PRECOMPILE_PREFIX_HEADER = YES;
				GCC_PREFIX_HEADER = "JSONSchema/JSONSchema-Prefix.pch";
				OTHER_LDFLAGS = "-ObjC";
				PRODUCT_NAME = "$(TARGET_NAME)";
				SKIP_INSTALL = YES;
			};
			name = Release;
		};
		B3E38D2914F9ACEB00ECEE91 /* Debug */ = {
			isa = XCBuildConfiguration;
			buildSettings = {
				CLANG_ENABLE_OBJC_ARC = YES;
				FRAMEWORK_SEARCH_PATHS = (
					"$(SDKROOT)/Developer/Library/Frameworks",
					"$(DEVELOPER_LIBRARY_DIR)/Frameworks",
				);
				GCC_PRECOMPILE_PREFIX_HEADER = YES;
				GCC_PREFIX_HEADER = "JSONSchema/JSONSchema-Prefix.pch";
				INFOPLIST_FILE = "JSONSchemaTests/JSONSchemaTests-Info.plist";
				OTHER_LDFLAGS = "-ObjC";
				PRODUCT_NAME = "$(TARGET_NAME)";
				WRAPPER_EXTENSION = octest;
			};
			name = Debug;
		};
		B3E38D2A14F9ACEB00ECEE91 /* Release */ = {
			isa = XCBuildConfiguration;
			buildSettings = {
				CLANG_ENABLE_OBJC_ARC = YES;
				FRAMEWORK_SEARCH_PATHS = (
					"$(SDKROOT)/Developer/Library/Frameworks",
					"$(DEVELOPER_LIBRARY_DIR)/Frameworks",
				);
				GCC_PRECOMPILE_PREFIX_HEADER = YES;
				GCC_PREFIX_HEADER = "JSONSchema/JSONSchema-Prefix.pch";
				INFOPLIST_FILE = "JSONSchemaTests/JSONSchemaTests-Info.plist";
				OTHER_LDFLAGS = "-ObjC";
				PRODUCT_NAME = "$(TARGET_NAME)";
				WRAPPER_EXTENSION = octest;
			};
			name = Release;
		};
/* End XCBuildConfiguration section */

/* Begin XCConfigurationList section */
		B3E38CFB14F9ACEB00ECEE91 /* Build configuration list for PBXProject "JSONSchema" */ = {
			isa = XCConfigurationList;
			buildConfigurations = (
				B3E38D2314F9ACEB00ECEE91 /* Debug */,
				B3E38D2414F9ACEB00ECEE91 /* Release */,
			);
			defaultConfigurationIsVisible = 0;
			defaultConfigurationName = Release;
		};
		B3E38D2514F9ACEB00ECEE91 /* Build configuration list for PBXNativeTarget "JSONSchema" */ = {
			isa = XCConfigurationList;
			buildConfigurations = (
				B3E38D2614F9ACEB00ECEE91 /* Debug */,
				B3E38D2714F9ACEB00ECEE91 /* Release */,
			);
			defaultConfigurationIsVisible = 0;
			defaultConfigurationName = Release;
		};
		B3E38D2814F9ACEB00ECEE91 /* Build configuration list for PBXNativeTarget "JSONSchemaTests" */ = {
			isa = XCConfigurationList;
			buildConfigurations = (
				B3E38D2914F9ACEB00ECEE91 /* Debug */,
				B3E38D2A14F9ACEB00ECEE91 /* Release */,
			);
			defaultConfigurationIsVisible = 0;
			defaultConfigurationName = Release;
		};
/* End XCConfigurationList section */
	};
	rootObject = B3E38CF814F9ACEB00ECEE91 /* Project object */;
}
